# This file is automatically @generated by Cargo.
# It is not intended for manual editing.
version = 4

[[package]]
name = "bitflags"
version = "2.11.1"
source = "registry+https://github.com/rust-lang/crates.io-index"
checksum = "c4512299f36f043ab09a583e57bceb5a5aab7a73db1805848e8fef3c9e8c78b3"

[[package]]
name = "block-buffer"
version = "0.12.0"
source = "registry+https://github.com/rust-lang/crates.io-index"
checksum = "cdd35008169921d80bc60d3d0ab416eecb028c4cd653352907921d95084790be"
dependencies = [
 "hybrid-array",
]

[[package]]
name = "cfg-if"
version = "1.0.4"
source = "registry+https://github.com/rust-lang/crates.io-index"
checksum = "9330f8b2ff13f34540b44e946ef35111825727b38d33286ef986142615121801"

[[package]]
name = "cfg_aliases"
version = "0.2.1"
source = "registry+https://github.com/rust-lang/crates.io-index"
checksum = "613afe47fcd5fac7ccf1db93babcb082c5994d996f20b8b159f2ad1658eb5724"

[[package]]
name = "const-oid"
version = "0.10.2"
source = "registry+https://github.com/rust-lang/crates.io-index"
checksum = "a6ef517f0926dd24a1582492c791b6a4818a4d94e789a334894aa15b0d12f55c"

[[package]]
name = "cpufeatures"
version = "0.3.0"
source = "registry+https://github.com/rust-lang/crates.io-index"
checksum = "8b2a41393f66f16b0823bb79094d54ac5fbd34ab292ddafb9a0456ac9f87d201"
dependencies = [
 "libc",
]

[[package]]
name = "crypto-common"
version = "0.2.1"
source = "registry+https://github.com/rust-lang/crates.io-index"
checksum = "77727bb15fa921304124b128af125e7e3b968275d1b108b379190264f4423710"
dependencies = [
 "hybrid-array",
]

[[package]]
name = "cryptoki-sys"
version = "0.5.0"
source = "registry+https://github.com/rust-lang/crates.io-index"
checksum = "f1fd850498411e4057f1cba79e6e2bc7cbe960544c1046ab46d4685c403a1121"
dependencies = [
 "libloading 0.8.9",
]

[[package]]
name = "digest"
version = "0.11.2"
source = "registry+https://github.com/rust-lang/crates.io-index"
checksum = "4850db49bf08e663084f7fb5c87d202ef91a3907271aff24a94eb97ff039153c"
dependencies = [
 "block-buffer",
 "const-oid",
 "crypto-common",
]

[[package]]
name = "hybrid-array"
version = "0.4.11"
source = "registry+https://github.com/rust-lang/crates.io-index"
checksum = "08d46837a0ed51fe95bd3b05de33cd64a1ee88fc797477ca48446872504507c5"
dependencies = [
 "typenum",
]

[[package]]
name = "keccak"
version = "0.2.0"
source = "registry+https://github.com/rust-lang/crates.io-index"
checksum = "9e24a010dd405bd7ed803e5253182815b41bf2e6a80cc3bfc066658e03a198aa"
dependencies = [
 "cfg-if",
 "cpufeatures",
]

[[package]]
name = "libc"
version = "0.2.186"
source = "registry+https://github.com/rust-lang/crates.io-index"
checksum = "68ab91017fe16c622486840e4c83c9a37afeff978bd239b5293d61ece587de66"

[[package]]
name = "libloading"
version = "0.8.9"
source = "registry+https://github.com/rust-lang/crates.io-index"
checksum = "d7c4b02199fee7c5d21a5ae7d8cfa79a6ef5bb2fc834d6e9058e89c825efdc55"
dependencies = [
 "cfg-if",
 "windows-link",
]

[[package]]
name = "libloading"
version = "0.9.0"
source = "registry+https://github.com/rust-lang/crates.io-index"
checksum = "754ca22de805bb5744484a5b151a9e1a8e837d5dc232c2d7d8c2e3492edc8b60"
dependencies = [
 "cfg-if",
 "windows-link",
]

[[package]]
name = "nix"
version = "0.31.2"
source = "registry+https://github.com/rust-lang/crates.io-index"
checksum = "5d6d0705320c1e6ba1d912b5e37cf18071b6c2e9b7fa8215a1e8a7651966f5d3"
dependencies = [
 "bitflags",
 "cfg-if",
 "cfg_aliases",
 "libc",
]

[[package]]
name = "p11rand"
version = "0.1.0"
dependencies = [
 "cryptoki-sys",
 "libc",
 "p11rand-core",
]

[[package]]
name = "p11rand-core"
version = "0.1.0"
dependencies = [
 "libc",
 "pcsc",
 "sha3",
]

[[package]]
name = "p11rand-tools"
version = "0.1.0"
dependencies = [
 "cryptoki-sys",
 "libc",
 "libloading 0.9.0",
 "nix",
 "p11rand-core",
]

[[package]]
name = "pcsc"
version = "2.9.0"
source = "registry+https://github.com/rust-lang/crates.io-index"
checksum = "7dd833ecf8967e65934c49d3521a175929839bf6d0e497f3bd0d3a2ca08943da"
dependencies = [
 "bitflags",
 "pcsc-sys",
]

[[package]]
name = "pcsc-sys"
version = "1.3.0"
source = "registry+https://github.com/rust-lang/crates.io-index"
checksum = "e14ef017e15d2e5592a9e39a346c1dbaea5120bab7ed7106b210ef58ebd97003"
dependencies = [
 "pkg-config",
]

[[package]]
name = "pkg-config"
version = "0.3.33"
source = "registry+https://github.com/rust-lang/crates.io-index"
checksum = "19f132c84eca552bf34cab8ec81f1c1dcc229b811638f9d283dceabe58c5569e"

[[package]]
name = "sha3"
version = "0.11.0"
source = "registry+https://github.com/rust-lang/crates.io-index"
checksum = "be176f1a57ce4e3d31c1a166222d9768de5954f811601fb7ca06fc8203905ce1"
dependencies = [
 "digest",
 "keccak",
]

[[package]]
name = "typenum"
version = "1.20.0"
source = "registry+https://github.com/rust-lang/crates.io-index"
checksum = "40ce102ab67701b8526c123c1bab5cbe42d7040ccfd0f64af1a385808d2f43de"

[[package]]
name = "windows-link"
version = "0.2.1"
source = "registry+https://github.com/rust-lang/crates.io-index"
checksum = "f0805222e57f7521d6a62e36fa9163bc891acd422f971defe97d64e70d0a4fe5"
